
Microsoft Visual Studio Solution File, Format Version 12.00
# Visual Studio Version 17
VisualStudioVersion = 17.11.35208.52
MinimumVisualStudioVersion = 10.0.40219.1
Project("{FAE04EC0-301F-11D3-BF4B-00C04F79EFBC}") = "custom-middleware", "custom-middleware\custom-middleware.csproj", "{0153B310-6619-4584-9036-CC117C098D04}"
EndProject
Global
	GlobalSection(SolutionConfigurationPlatforms) = preSolution
		Debug|Any CPU = Debug|Any CPU
		Release|Any CPU = Release|Any CPU
	EndGlobalSection
	GlobalSection(ProjectConfigurationPlatforms) = postSolution
		{0153B310-6619-4584-9036-CC117C098D04}.Debug|Any CPU.ActiveCfg = Debug|Any CPU
		{0153B310-6619-4584-9036-CC117C098D04}.Debug|Any CPU.Build.0 = Debug|Any CPU
		{0153B310-6619-4584-9036-CC117C098D04}.Release|Any CPU.ActiveCfg = Release|Any CPU
		{0153B310-6619-4584-9036-CC117C098D04}.Release|Any CPU.Build.0 = Release|Any CPU
	EndGlobalSection
	GlobalSection(SolutionProperties) = preSolution
		HideSolutionNode = FALSE
	EndGlobalSection
	GlobalSection(ExtensibilityGlobals) = postSolution
		SolutionGuid = {B0489D13-7E52-4DE9-8EE6-D53CCCFA528C}
	EndGlobalSection
EndGlobal
